
Microsoft Visual Studio Solution File, Format Version 12.00
# Visual Studio Version 17
VisualStudioVersion = 17.9.34607.119
MinimumVisualStudioVersion = 10.0.40219.1
Project("{FAE04EC0-301F-11D3-BF4B-00C04F79EFBC}") = "WinFormsControlsPictureTimerProgressApp", "WinFormsControlsPictureTimerProgressApp\WinFormsControlsPictureTimerProgressApp.csproj", "{C551BBB1-9E62-479F-874F-CFD4736DA78C}"
EndProject
Global
	GlobalSection(SolutionConfigurationPlatforms) = preSolution
		Debug|Any CPU = Debug|Any CPU
		Release|Any CPU = Release|Any CPU
	EndGlobalSection
	GlobalSection(ProjectConfigurationPlatforms) = postSolution
		{C551BBB1-9E62-479F-874F-CFD4736DA78C}.Debug|Any CPU.ActiveCfg = Debug|Any CPU
		{C551BBB1-9E62-479F-874F-CFD4736DA78C}.Debug|Any CPU.Build.0 = Debug|Any CPU
		{C551BBB1-9E62-479F-874F-CFD4736DA78C}.Release|Any CPU.ActiveCfg = Release|Any CPU
		{C551BBB1-9E62-479F-874F-CFD4736DA78C}.Release|Any CPU.Build.0 = Release|Any CPU
	EndGlobalSection
	GlobalSection(SolutionProperties) = preSolution
		HideSolutionNode = FALSE
	EndGlobalSection
	GlobalSection(ExtensibilityGlobals) = postSolution
		SolutionGuid = {2292A8D1-5B2D-4CEF-B841-78CD50F971E9}
	EndGlobalSection
EndGlobal
